
Microsoft Visual Studio Solution File, Format Version 12.00
# Visual Studio Version 17
VisualStudioVersion = 17.13.35806.99 d17.13
MinimumVisualStudioVersion = 10.0.40219.1
Project("{FAE04EC0-301F-11D3-BF4B-00C04F79EFBC}") = "MiniBank.Api", "..\MiniBank.Api\MiniBank.Api.csproj", "{60571FFD-4464-8CF2-D728-63600BBF953A}"
EndProject
Global
	GlobalSection(SolutionConfigurationPlatforms) = preSolution
		Debug|Any CPU = Debug|Any CPU
		Release|Any CPU = Release|Any CPU
	EndGlobalSection
	GlobalSection(ProjectConfigurationPlatforms) = postSolution
		{60571FFD-4464-8CF2-D728-63600BBF953A}.Debug|Any CPU.ActiveCfg = Debug|Any CPU
		{60571FFD-4464-8CF2-D728-63600BBF953A}.Debug|Any CPU.Build.0 = Debug|Any CPU
		{60571FFD-4464-8CF2-D728-63600BBF953A}.Release|Any CPU.ActiveCfg = Release|Any CPU
		{60571FFD-4464-8CF2-D728-63600BBF953A}.Release|Any CPU.Build.0 = Release|Any CPU
	EndGlobalSection
	GlobalSection(SolutionProperties) = preSolution
		HideSolutionNode = FALSE
	EndGlobalSection
	GlobalSection(ExtensibilityGlobals) = postSolution
		SolutionGuid = {05450A69-D675-40F7-A268-80210E5E04C5}
	EndGlobalSection
EndGlobal
